// !$*UTF8*$!
{
	archiveVersion = 1;
	classes = {
	};
	objectVersion = 56;
	objects = {

/* Begin PBXBuildFile section */
		4F69D29E2AF182F2005F5080 /* FitnessCloneApp.swift in Sources */ = {isa = PBXBuildFile; fileRef = 4F69D29D2AF182F2005F5080 /* FitnessCloneApp.swift */; };
		4F69D2A02AF182F2005F5080 /* ContentView.swift in Sources */ = {isa = PBXBuildFile; fileRef = 4F69D29F2AF182F2005F5080 /* ContentView.swift */; };
		4F69D2A22AF182F6005F5080 /* Assets.xcassets in Resources */ = {isa = PBXBuildFile; fileRef = 4F69D2A12AF182F6005F5080 /* Assets.xcassets */; };
		4F69D2A52AF182F6005F5080 /* Preview Assets.xcassets in Resources */ = {isa = PBXBuildFile; fileRef = 4F69D2A42AF182F6005F5080 /* Preview Assets.xcassets */; };
		4F69D2AF2AF182F7005F5080 /* FitnessCloneTests.swift in Sources */ = {isa = PBXBuildFile; fileRef = 4F69D2AE2AF182F7005F5080 /* FitnessCloneTests.swift */; };
		4F69D2B92AF182F7005F5080 /* FitnessCloneUITests.swift in Sources */ = {isa = PBXBuildFile; fileRef = 4F69D2B82AF182F7005F5080 /* FitnessCloneUITests.swift */; };
		4F69D2BB2AF182F7005F5080 /* FitnessCloneUITestsLaunchTests.swift in Sources */ = {isa = PBXBuildFile; fileRef = 4F69D2BA2AF182F7005F5080 /* FitnessCloneUITestsLaunchTests.swift */; };
		4FAB0BBE2AF2926F003A2D6D /* HeaderView.swift in Sources */ = {isa = PBXBuildFile; fileRef = 4FAB0BBD2AF2926F003A2D6D /* HeaderView.swift */; };
/* End PBXBuildFile section */

/* Begin PBXContainerItemProxy section */
		4F69D2AB2AF182F7005F5080 /* PBXContainerItemProxy */ = {
			isa = PBXContainerItemProxy;
			containerPortal = 4F69D2922AF182F2005F5080 /* Project object */;
			proxyType = 1;
			remoteGlobalIDString = 4F69D2992AF182F2005F5080;
			remoteInfo = FitnessClone;
		};
		4F69D2B52AF182F7005F5080 /* PBXContainerItemProxy */ = {
			isa = PBXContainerItemProxy;
			containerPortal = 4F69D2922AF182F2005F5080 /* Project object */;
			proxyType = 1;
			remoteGlobalIDString = 4F69D2992AF182F2005F5080;
			remoteInfo = FitnessClone;
		};
/* End PBXContainerItemProxy section */

/* Begin PBXFileReference section */
		4F69D29A2AF182F2005F5080 /* FitnessClone.app */ = {isa = PBXFileReference; explicitFileType = wrapper.application; includeInIndex = 0; path = FitnessClone.app; sourceTree = BUILT_PRODUCTS_DIR; };
		4F69D29D2AF182F2005F5080 /* FitnessCloneApp.swift */ = {isa = PBXFileReference; lastKnownFileType = sourcecode.swift; path = FitnessCloneApp.swift; sourceTree = "<group>"; };
		4F69D29F2AF182F2005F5080 /* ContentView.swift */ = {isa = PBXFileReference; lastKnownFileType = sourcecode.swift; path = ContentView.swift; sourceTree = "<group>"; };
		4F69D2A12AF182F6005F5080 /* Assets.xcassets */ = {isa = PBXFileReference; lastKnownFileType = folder.assetcatalog; path = Assets.xcassets; sourceTree = "<group>"; };
		4F69D2A42AF182F6005F5080 /* Preview Assets.xcassets */ = {isa = PBXFileReference; lastKnownFileType = folder.assetcatalog; path = "Preview Assets.xcassets"; sourceTree = "<group>"; };
		4F69D2AA2AF182F7005F5080 /* FitnessCloneTests.xctest */ = {isa = PBXFileReference; explicitFileType = wrapper.cfbundle; includeInIndex = 0; path = FitnessCloneTests.xctest; sourceTree = BUILT_PRODUCTS_DIR; };
		4F69D2AE2AF182F7005F5080 /* FitnessCloneTests.swift */ = {isa = PBXFileReference; lastKnownFileType = sourcecode.swift; path = FitnessCloneTests.swift; sourceTree = "<group>"; };
		4F69D2B42AF182F7005F5080 /* FitnessCloneUITests.xctest */ = {isa = PBXFileReference; explicitFileType = wrapper.cfbundle; includeInIndex = 0; path = FitnessCloneUITests.xctest; sourceTree = BUILT_PRODUCTS_DIR; };
		4F69D2B82AF182F7005F5080 /* FitnessCloneUITests.swift */ = {isa = PBXFileReference; lastKnownFileType = sourcecode.swift; path = FitnessCloneUITests.swift; sourceTree = "<group>"; };
		4F69D2BA2AF182F7005F5080 /* FitnessCloneUITestsLaunchTests.swift */ = {isa = PBXFileReference; lastKnownFileType = sourcecode.swift; path = FitnessCloneUITestsLaunchTests.swift; sourceTree = "<group>"; };
		4FAB0BBD2AF2926F003A2D6D /* HeaderView.swift */ = {isa = PBXFileReference; lastKnownFileType = sourcecode.swift; path = HeaderView.swift; sourceTree = "<group>"; };
/* End PBXFileReference section */

/* Begin PBXFrameworksBuildPhase section */
		4F69D2972AF182F2005F5080 /* Frameworks */ = {
			isa = PBXFrameworksBuildPhase;
			buildActionMask = 2147483647;
			files = (
			);
			runOnlyForDeploymentPostprocessing = 0;
		};
		4F69D2A72AF182F7005F5080 /* Frameworks */ = {
			isa = PBXFrameworksBuildPhase;
			buildActionMask = 2147483647;
			files = (
			);
			runOnlyForDeploymentPostprocessing = 0;
		};
		4F69D2B12AF182F7005F5080 /* Frameworks */ = {
			isa = PBXFrameworksBuildPhase;
			buildActionMask = 2147483647;
			files = (
			);
			runOnlyForDeploymentPostprocessing = 0;
		};
/* End PBXFrameworksBuildPhase section */

/* Begin PBXGroup section */
		4F69D2912AF182F2005F5080 = {
			isa = PBXGroup;
			children = (
				4F69D29C2AF182F2005F5080 /* FitnessClone */,
				4F69D2AD2AF182F7005F5080 /* FitnessCloneTests */,
				4F69D2B72AF182F7005F5080 /* FitnessCloneUITests */,
				4F69D29B2AF182F2005F5080 /* Products */,
			);
			sourceTree = "<group>";
		};
		4F69D29B2AF182F2005F5080 /* Products */ = {
			isa = PBXGroup;
			children = (
				4F69D29A2AF182F2005F5080 /* FitnessClone.app */,
				4F69D2AA2AF182F7005F5080 /* FitnessCloneTests.xctest */,
				4F69D2B42AF182F7005F5080 /* FitnessCloneUITests.xctest */,
			);
			name = Products;
			sourceTree = "<group>";
		};
		4F69D29C2AF182F2005F5080 /* FitnessClone */ = {
			isa = PBXGroup;
			children = (
				4FAB0BBC2AF28747003A2D6D /* Views */,
				4F69D29D2AF182F2005F5080 /* FitnessCloneApp.swift */,
				4F69D29F2AF182F2005F5080 /* ContentView.swift */,
				4F69D2A12AF182F6005F5080 /* Assets.xcassets */,
				4F69D2A32AF182F6005F5080 /* Preview Content */,
			);
			path = FitnessClone;
			sourceTree = "<group>";
		};
		4F69D2A32AF182F6005F5080 /* Preview Content */ = {
			isa = PBXGroup;
			children = (
				4F69D2A42AF182F6005F5080 /* Preview Assets.xcassets */,
			);
			path = "Preview Content";
			sourceTree = "<group>";
		};
		4F69D2AD2AF182F7005F5080 /* FitnessCloneTests */ = {
			isa = PBXGroup;
			children = (
				4F69D2AE2AF182F7005F5080 /* FitnessCloneTests.swift */,
			);
			path = FitnessCloneTests;
			sourceTree = "<group>";
		};
		4F69D2B72AF182F7005F5080 /* FitnessCloneUITests */ = {
			isa = PBXGroup;
			children = (
				4F69D2B82AF182F7005F5080 /* FitnessCloneUITests.swift */,
				4F69D2BA2AF182F7005F5080 /* FitnessCloneUITestsLaunchTests.swift */,
			);
			path = FitnessCloneUITests;
			sourceTree = "<group>";
		};
		4FAB0BBC2AF28747003A2D6D /* Views */ = {
			isa = PBXGroup;
			children = (
				4FAB0BBD2AF2926F003A2D6D /* HeaderView.swift */,
			);
			path = Views;
			sourceTree = "<group>";
		};
/* End PBXGroup section */

/* Begin PBXNativeTarget section */
		4F69D2992AF182F2005F5080 /* FitnessClone */ = {
			isa = PBXNativeTarget;
			buildConfigurationList = 4F69D2BE2AF182F7005F5080 /* Build configuration list for PBXNativeTarget "FitnessClone" */;
			buildPhases = (
				4F69D2962AF182F2005F5080 /* Sources */,
				4F69D2972AF182F2005F5080 /* Frameworks */,
				4F69D2982AF182F2005F5080 /* Resources */,
			);
			buildRules = (
			);
			dependencies = (
			);
			name = FitnessClone;
			productName = FitnessClone;
			productReference = 4F69D29A2AF182F2005F5080 /* FitnessClone.app */;
			productType = "com.apple.product-type.application";
		};
		4F69D2A92AF182F7005F5080 /* FitnessCloneTests */ = {
			isa = PBXNativeTarget;
			buildConfigurationList = 4F69D2C12AF182F7005F5080 /* Build configuration list for PBXNativeTarget "FitnessCloneTests" */;
			buildPhases = (
				4F69D2A62AF182F7005F5080 /* Sources */,
				4F69D2A72AF182F7005F5080 /* Frameworks */,
				4F69D2A82AF182F7005F5080 /* Resources */,
			);
			buildRules = (
			);
			dependencies = (
				4F69D2AC2AF182F7005F5080 /* PBXTargetDependency */,
			);
			name = FitnessCloneTests;
			productName = FitnessCloneTests;
			productReference = 4F69D2AA2AF182F7005F5080 /* FitnessCloneTests.xctest */;
			productType = "com.apple.product-type.bundle.unit-test";
		};
		4F69D2B32AF182F7005F5080 /* FitnessCloneUITests */ = {
			isa = PBXNativeTarget;
			buildConfigurationList = 4F69D2C42AF182F7005F5080 /* Build configuration list for PBXNativeTarget "FitnessCloneUITests" */;
			buildPhases = (
				4F69D2B02AF182F7005F5080 /* Sources */,
				4F69D2B12AF182F7005F5080 /* Frameworks */,
				4F69D2B22AF182F7005F5080 /* Resources */,
			);
			buildRules = (
			);
			dependencies = (
				4F69D2B62AF182F7005F5080 /* PBXTargetDependency */,
			);
			name = FitnessCloneUITests;
			productName = FitnessCloneUITests;
			productReference = 4F69D2B42AF182F7005F5080 /* FitnessCloneUITests.xctest */;
			productType = "com.apple.product-type.bundle.ui-testing";
		};
/* End PBXNativeTarget section */

/* Begin PBXProject section */
		4F69D2922AF182F2005F5080 /* Project object */ = {
			isa = PBXProject;
			attributes = {
				BuildIndependentTargetsInParallel = 1;
				LastSwiftUpdateCheck = 1420;
				LastUpgradeCheck = 1420;
				TargetAttributes = {
					4F69D2992AF182F2005F5080 = {
						CreatedOnToolsVersion = 14.2;
					};
					4F69D2A92AF182F7005F5080 = {
						CreatedOnToolsVersion = 14.2;
						TestTargetID = 4F69D2992AF182F2005F5080;
					};
					4F69D2B32AF182F7005F5080 = {
						CreatedOnToolsVersion = 14.2;
						TestTargetID = 4F69D2992AF182F2005F5080;
					};
				};
			};
			buildConfigurationList = 4F69D2952AF182F2005F5080 /* Build configuration list for PBXProject "FitnessClone" */;
			compatibilityVersion = "Xcode 14.0";
			developmentRegion = en;
			hasScannedForEncodings = 0;
			knownRegions = (
				en,
				Base,
			);
			mainGroup = 4F69D2912AF182F2005F5080;
			productRefGroup = 4F69D29B2AF182F2005F5080 /* Products */;
			projectDirPath = "";
			projectRoot = "";
			targets = (
				4F69D2992AF182F2005F5080 /* FitnessClone */,
				4F69D2A92AF182F7005F5080 /* FitnessCloneTests */,
				4F69D2B32AF182F7005F5080 /* FitnessCloneUITests */,
			);
		};
/* End PBXProject section */

/* Begin PBXResourcesBuildPhase section */
		4F69D2982AF182F2005F5080 /* Resources */ = {
			isa = PBXResourcesBuildPhase;
			buildActionMask = 2147483647;
			files = (
				4F69D2A52AF182F6005F5080 /* Preview Assets.xcassets in Resources */,
				4F69D2A22AF182F6005F5080 /* Assets.xcassets in Resources */,
			);
			runOnlyForDeploymentPostprocessing = 0;
		};
		4F69D2A82AF182F7005F5080 /* Resources */ = {
			isa = PBXResourcesBuildPhase;
			buildActionMask = 2147483647;
			files = (
			);
			runOnlyForDeploymentPostprocessing = 0;
		};
		4F69D2B22AF182F7005F5080 /* Resources */ = {
			isa = PBXResourcesBuildPhase;
			buildActionMask = 2147483647;
			files = (
			);
			runOnlyForDeploymentPostprocessing = 0;
		};
/* End PBXResourcesBuildPhase section */

/* Begin PBXSourcesBuildPhase section */
		4F69D2962AF182F2005F5080 /* Sources */ = {
			isa = PBXSourcesBuildPhase;
			buildActionMask = 2147483647;
			files = (
				4F69D2A02AF182F2005F5080 /* ContentView.swift in Sources */,
				4FAB0BBE2AF2926F003A2D6D /* HeaderView.swift in Sources */,
				4F69D29E2AF182F2005F5080 /* FitnessCloneApp.swift in Sources */,
			);
			runOnlyForDeploymentPostprocessing = 0;
		};
		4F69D2A62AF182F7005F5080 /* Sources */ = {
			isa = PBXSourcesBuildPhase;
			buildActionMask = 2147483647;
			files = (
				4F69D2AF2AF182F7005F5080 /* FitnessCloneTests.swift in Sources */,
			);
			runOnlyForDeploymentPostprocessing = 0;
		};
		4F69D2B02AF182F7005F5080 /* Sources */ = {
			isa = PBXSourcesBuildPhase;
			buildActionMask = 2147483647;
			files = (
				4F69D2B92AF182F7005F5080 /* FitnessCloneUITests.swift in Sources */,
				4F69D2BB2AF182F7005F5080 /* FitnessCloneUITestsLaunchTests.swift in Sources */,
			);
			runOnlyForDeploymentPostprocessing = 0;
		};
/* End PBXSourcesBuildPhase section */

/* Begin PBXTargetDependency section */
		4F69D2AC2AF182F7005F5080 /* PBXTargetDependency */ = {
			isa = PBXTargetDependency;
			target = 4F69D2992AF182F2005F5080 /* FitnessClone */;
			targetProxy = 4F69D2AB2AF182F7005F5080 /* PBXContainerItemProxy */;
		};
		4F69D2B62AF182F7005F5080 /* PBXTargetDependency */ = {
			isa = PBXTargetDependency;
			target = 4F69D2992AF182F2005F5080 /* FitnessClone */;
			targetProxy = 4F69D2B52AF182F7005F5080 /* PBXContainerItemProxy */;
		};
/* End PBXTargetDependency section */

/* Begin XCBuildConfiguration section */
		4F69D2BC2AF182F7005F5080 /* Debug */ = {
			isa = XCBuildConfiguration;
			buildSettings = {
				ALWAYS_SEARCH_USER_PATHS = NO;
				CLANG_ANALYZER_NONNULL = YES;
				CLANG_ANALYZER_NUMBER_OBJECT_CONVERSION = YES_AGGRESSIVE;
				CLANG_CXX_LANGUAGE_STANDARD = "gnu++20";
				CLANG_ENABLE_MODULES = YES;
				CLANG_ENABLE_OBJC_ARC = YES;
				CLANG_ENABLE_OBJC_WEAK = YES;
				CLANG_WARN_BLOCK_CAPTURE_AUTORELEASING = YES;
				CLANG_WARN_BOOL_CONVERSION = YES;
				CLANG_WARN_COMMA = YES;
				CLANG_WARN_CONSTANT_CONVERSION = YES;
				CLANG_WARN_DEPRECATED_OBJC_IMPLEMENTATIONS = YES;
				CLANG_WARN_DIRECT_OBJC_ISA_USAGE = YES_ERROR;
				CLANG_WARN_DOCUMENTATION_COMMENTS = YES;
				CLANG_WARN_EMPTY_BODY = YES;
				CLANG_WARN_ENUM_CONVERSION = YES;
				CLANG_WARN_INFINITE_RECURSION = YES;
				CLANG_WARN_INT_CONVERSION = YES;
				CLANG_WARN_NON_LITERAL_NULL_CONVERSION = YES;
				CLANG_WARN_OBJC_IMPLICIT_RETAIN_SELF = YES;
				CLANG_WARN_OBJC_LITERAL_CONVERSION = YES;
				CLANG_WARN_OBJC_ROOT_CLASS = YES_ERROR;
				CLANG_WARN_QUOTED_INCLUDE_IN_FRAMEWORK_HEADER = YES;
				CLANG_WARN_RANGE_LOOP_ANALYSIS = YES;
				CLANG_WARN_STRICT_PROTOTYPES = YES;
				CLANG_WARN_SUSPICIOUS_MOVE = YES;
				CLANG_WARN_UNGUARDED_AVAILABILITY = YES_AGGRESSIVE;
				CLANG_WARN_UNREACHABLE_CODE = YES;
				CLANG_WARN__DUPLICATE_METHOD_MATCH = YES;
				COPY_PHASE_STRIP = NO;
				DEBUG_INFORMATION_FORMAT = dwarf;
				ENABLE_STRICT_OBJC_MSGSEND = YES;
				ENABLE_TESTABILITY = YES;
				GCC_C_LANGUAGE_STANDARD = gnu11;
				GCC_DYNAMIC_NO_PIC = NO;
				GCC_NO_COMMON_BLOCKS = YES;
				GCC_OPTIMIZATION_LEVEL = 0;
				GCC_PREPROCESSOR_DEFINITIONS = (
					"DEBUG=1",
					"$(inherited)",
				);
				GCC_WARN_64_TO_32_BIT_CONVERSION = YES;
				GCC_WARN_ABOUT_RETURN_TYPE = YES_ERROR;
				GCC_WARN_UNDECLARED_SELECTOR = YES;
				GCC_WARN_UNINITIALIZED_AUTOS = YES_AGGRESSIVE;
				GCC_WARN_UNUSED_FUNCTION = YES;
				GCC_WARN_UNUSED_VARIABLE = YES;
				IPHONEOS_DEPLOYMENT_TARGET = 16.2;
				MTL_ENABLE_DEBUG_INFO = INCLUDE_SOURCE;
				MTL_FAST_MATH = YES;
				ONLY_ACTIVE_ARCH = YES;
				SDKROOT = iphoneos;
				SWIFT_ACTIVE_COMPILATION_CONDITIONS = DEBUG;
				SWIFT_OPTIMIZATION_LEVEL = "-Onone";
			};
			name = Debug;
		};
		4F69D2BD2AF182F7005F5080 /* Release */ = {
			isa = XCBuildConfiguration;
			buildSettings = {
				ALWAYS_SEARCH_USER_PATHS = NO;
				CLANG_ANALYZER_NONNULL = YES;
				CLANG_ANALYZER_NUMBER_OBJECT_CONVERSION = YES_AGGRESSIVE;
				CLANG_CXX_LANGUAGE_STANDARD = "gnu++20";
				CLANG_ENABLE_MODULES = YES;
				CLANG_ENABLE_OBJC_ARC = YES;
				CLANG_ENABLE_OBJC_WEAK = YES;
				CLANG_WARN_BLOCK_CAPTURE_AUTORELEASING = YES;
				CLANG_WARN_BOOL_CONVERSION = YES;
				CLANG_WARN_COMMA = YES;
				CLANG_WARN_CONSTANT_CONVERSION = YES;
				CLANG_WARN_DEPRECATED_OBJC_IMPLEMENTATIONS = YES;
				CLANG_WARN_DIRECT_OBJC_ISA_USAGE = YES_ERROR;
				CLANG_WARN_DOCUMENTATION_COMMENTS = YES;
				CLANG_WARN_EMPTY_BODY = YES;
				CLANG_WARN_ENUM_CONVERSION = YES;
				CLANG_WARN_INFINITE_RECURSION = YES;
				CLANG_WARN_INT_CONVERSION = YES;
				CLANG_WARN_NON_LITERAL_NULL_CONVERSION = YES;
				CLANG_WARN_OBJC_IMPLICIT_RETAIN_SELF = YES;
				CLANG_WARN_OBJC_LITERAL_CONVERSION = YES;
				CLANG_WARN_OBJC_ROOT_CLASS = YES_ERROR;
				CLANG_WARN_QUOTED_INCLUDE_IN_FRAMEWORK_HEADER = YES;
				CLANG_WARN_RANGE_LOOP_ANALYSIS = YES;
				CLANG_WARN_STRICT_PROTOTYPES = YES;
				CLANG_WARN_SUSPICIOUS_MOVE = YES;
				CLANG_WARN_UNGUARDED_AVAILABILITY = YES_AGGRESSIVE;
				CLANG_WARN_UNREACHABLE_CODE = YES;
				CLANG_WARN__DUPLICATE_METHOD_MATCH = YES;
				COPY_PHASE_STRIP = NO;
				DEBUG_INFORMATION_FORMAT = "dwarf-with-dsym";
				ENABLE_NS_ASSERTIONS = NO;
				ENABLE_STRICT_OBJC_MSGSEND = YES;
				GCC_C_LANGUAGE_STANDARD = gnu11;
				GCC_NO_COMMON_BLOCKS = YES;
				GCC_WARN_64_TO_32_BIT_CONVERSION = YES;
				GCC_WARN_ABOUT_RETURN_TYPE = YES_ERROR;
				GCC_WARN_UNDECLARED_SELECTOR = YES;
				GCC_WARN_UNINITIALIZED_AUTOS = YES_AGGRESSIVE;
				GCC_WARN_UNUSED_FUNCTION = YES;
				GCC_WARN_UNUSED_VARIABLE = YES;
				IPHONEOS_DEPLOYMENT_TARGET = 16.2;
				MTL_ENABLE_DEBUG_INFO = NO;
				MTL_FAST_MATH = YES;
				SDKROOT = iphoneos;
				SWIFT_COMPILATION_MODE = wholemodule;
				SWIFT_OPTIMIZATION_LEVEL = "-O";
				VALIDATE_PRODUCT = YES;
			};
			name = Release;
		};
		4F69D2BF2AF182F7005F5080 /* Debug */ = {
			isa = XCBuildConfiguration;
			buildSettings = {
				ASSETCATALOG_COMPILER_APPICON_NAME = AppIcon;
				ASSETCATALOG_COMPILER_GLOBAL_ACCENT_COLOR_NAME = AccentColor;
				CODE_SIGN_STYLE = Automatic;
				CURRENT_PROJECT_VERSION = 1;
				DEVELOPMENT_ASSET_PATHS = "\"FitnessClone/Preview Content\"";
				ENABLE_PREVIEWS = YES;
				GENERATE_INFOPLIST_FILE = YES;
				INFOPLIST_KEY_UIApplicationSceneManifest_Generation = YES;
				INFOPLIST_KEY_UIApplicationSupportsIndirectInputEvents = YES;
				INFOPLIST_KEY_UILaunchScreen_Generation = YES;
				INFOPLIST_KEY_UISupportedInterfaceOrientations_iPad = "UIInterfaceOrientationPortrait UIInterfaceOrientationPortraitUpsideDown UIInterfaceOrientationLandscapeLeft UIInterfaceOrientationLandscapeRight";
				INFOPLIST_KEY_UISupportedInterfaceOrientations_iPhone = "UIInterfaceOrientationPortrait UIInterfaceOrientationLandscapeLeft UIInterfaceOrientationLandscapeRight";
				LD_RUNPATH_SEARCH_PATHS = (
					"$(inherited)",
					"@executable_path/Frameworks",
				);
				MARKETING_VERSION = 1.0;
				PRODUCT_BUNDLE_IDENTIFIER = basakdonder.FitnessClone;
				PRODUCT_NAME = "$(TARGET_NAME)";
				SWIFT_EMIT_LOC_STRINGS = YES;
				SWIFT_VERSION = 5.0;
				TARGETED_DEVICE_FAMILY = "1,2";
			};
			name = Debug;
		};
		4F69D2C02AF182F7005F5080 /* Release */ = {
			isa = XCBuildConfiguration;
			buildSettings = {
				ASSETCATALOG_COMPILER_APPICON_NAME = AppIcon;
				ASSETCATALOG_COMPILER_GLOBAL_ACCENT_COLOR_NAME = AccentColor;
				CODE_SIGN_STYLE = Automatic;
				CURRENT_PROJECT_VERSION = 1;
				DEVELOPMENT_ASSET_PATHS = "\"FitnessClone/Preview Content\"";
				ENABLE_PREVIEWS = YES;
				GENERATE_INFOPLIST_FILE = YES;
				INFOPLIST_KEY_UIApplicationSceneManifest_Generation = YES;
				INFOPLIST_KEY_UIApplicationSupportsIndirectInputEvents = YES;
				INFOPLIST_KEY_UILaunchScreen_Generation = YES;
				INFOPLIST_KEY_UISupportedInterfaceOrientations_iPad = "UIInterfaceOrientationPortrait UIInterfaceOrientationPortraitUpsideDown UIInterfaceOrientationLandscapeLeft UIInterfaceOrientationLandscapeRight";
				INFOPLIST_KEY_UISupportedInterfaceOrientations_iPhone = "UIInterfaceOrientationPortrait UIInterfaceOrientationLandscapeLeft UIInterfaceOrientationLandscapeRight";
				LD_RUNPATH_SEARCH_PATHS = (
					"$(inherited)",
					"@executable_path/Frameworks",
				);
				MARKETING_VERSION = 1.0;
				PRODUCT_BUNDLE_IDENTIFIER = basakdonder.FitnessClone;
				PRODUCT_NAME = "$(TARGET_NAME)";
				SWIFT_EMIT_LOC_STRINGS = YES;
				SWIFT_VERSION = 5.0;
				TARGETED_DEVICE_FAMILY = "1,2";
			};
			name = Release;
		};
		4F69D2C22AF182F7005F5080 /* Debug */ = {
			isa = XCBuildConfiguration;
			buildSettings = {
				ALWAYS_EMBED_SWIFT_STANDARD_LIBRARIES = YES;
				BUNDLE_LOADER = "$(TEST_HOST)";
				CODE_SIGN_STYLE = Automatic;
				CURRENT_PROJECT_VERSION = 1;
				GENERATE_INFOPLIST_FILE = YES;
				IPHONEOS_DEPLOYMENT_TARGET = 16.2;
				MARKETING_VERSION = 1.0;
				PRODUCT_BUNDLE_IDENTIFIER = basakdonder.FitnessCloneTests;
				PRODUCT_NAME = "$(TARGET_NAME)";
				SWIFT_EMIT_LOC_STRINGS = NO;
				SWIFT_VERSION = 5.0;
				TARGETED_DEVICE_FAMILY = "1,2";
				TEST_HOST = "$(BUILT_PRODUCTS_DIR)/FitnessClone.app/$(BUNDLE_EXECUTABLE_FOLDER_PATH)/FitnessClone";
			};
			name = Debug;
		};
		4F69D2C32AF182F7005F5080 /* Release */ = {
			isa = XCBuildConfiguration;
			buildSettings = {
				ALWAYS_EMBED_SWIFT_STANDARD_LIBRARIES = YES;
				BUNDLE_LOADER = "$(TEST_HOST)";
				CODE_SIGN_STYLE = Automatic;
				CURRENT_PROJECT_VERSION = 1;
				GENERATE_INFOPLIST_FILE = YES;
				IPHONEOS_DEPLOYMENT_TARGET = 16.2;
				MARKETING_VERSION = 1.0;
				PRODUCT_BUNDLE_IDENTIFIER = basakdonder.FitnessCloneTests;
				PRODUCT_NAME = "$(TARGET_NAME)";
				SWIFT_EMIT_LOC_STRINGS = NO;
				SWIFT_VERSION = 5.0;
				TARGETED_DEVICE_FAMILY = "1,2";
				TEST_HOST = "$(BUILT_PRODUCTS_DIR)/FitnessClone.app/$(BUNDLE_EXECUTABLE_FOLDER_PATH)/FitnessClone";
			};
			name = Release;
		};
		4F69D2C52AF182F7005F5080 /* Debug */ = {
			isa = XCBuildConfiguration;
			buildSettings = {
				ALWAYS_EMBED_SWIFT_STANDARD_LIBRARIES = YES;
				CODE_SIGN_STYLE = Automatic;
				CURRENT_PROJECT_VERSION = 1;
				GENERATE_INFOPLIST_FILE = YES;
				MARKETING_VERSION = 1.0;
				PRODUCT_BUNDLE_IDENTIFIER = basakdonder.FitnessCloneUITests;
				PRODUCT_NAME = "$(TARGET_NAME)";
				SWIFT_EMIT_LOC_STRINGS = NO;
				SWIFT_VERSION = 5.0;
				TARGETED_DEVICE_FAMILY = "1,2";
				TEST_TARGET_NAME = FitnessClone;
			};
			name = Debug;
		};
		4F69D2C62AF182F7005F5080 /* Release */ = {
			isa = XCBuildConfiguration;
			buildSettings = {
				ALWAYS_EMBED_SWIFT_STANDARD_LIBRARIES = YES;
				CODE_SIGN_STYLE = Automatic;
				CURRENT_PROJECT_VERSION = 1;
				GENERATE_INFOPLIST_FILE = YES;
				MARKETING_VERSION = 1.0;
				PRODUCT_BUNDLE_IDENTIFIER = basakdonder.FitnessCloneUITests;
				PRODUCT_NAME = "$(TARGET_NAME)";
				SWIFT_EMIT_LOC_STRINGS = NO;
				SWIFT_VERSION = 5.0;
				TARGETED_DEVICE_FAMILY = "1,2";
				TEST_TARGET_NAME = FitnessClone;
			};
			name = Release;
		};
/* End XCBuildConfiguration section */

/* Begin XCConfigurationList section */
		4F69D2952AF182F2005F5080 /* Build configuration list for PBXProject "FitnessClone" */ = {
			isa = XCConfigurationList;
			buildConfigurations = (
				4F69D2BC2AF182F7005F5080 /* Debug */,
				4F69D2BD2AF182F7005F5080 /* Release */,
			);
			defaultConfigurationIsVisible = 0;
			defaultConfigurationName = Release;
		};
		4F69D2BE2AF182F7005F5080 /* Build configuration list for PBXNativeTarget "FitnessClone" */ = {
			isa = XCConfigurationList;
			buildConfigurations = (
				4F69D2BF2AF182F7005F5080 /* Debug */,
				4F69D2C02AF182F7005F5080 /* Release */,
			);
			defaultConfigurationIsVisible = 0;
			defaultConfigurationName = Release;
		};
		4F69D2C12AF182F7005F5080 /* Build configuration list for PBXNativeTarget "FitnessCloneTests" */ = {
			isa = XCConfigurationList;
			buildConfigurations = (
				4F69D2C22AF182F7005F5080 /* Debug */,
				4F69D2C32AF182F7005F5080 /* Release */,
			);
			defaultConfigurationIsVisible = 0;
			defaultConfigurationName = Release;
		};
		4F69D2C42AF182F7005F5080 /* Build configuration list for PBXNativeTarget "FitnessCloneUITests" */ = {
			isa = XCConfigurationList;
			buildConfigurations = (
				4F69D2C52AF182F7005F5080 /* Debug */,
				4F69D2C62AF182F7005F5080 /* Release */,
			);
			defaultConfigurationIsVisible = 0;
			defaultConfigurationName = Release;
		};
/* End XCConfigurationList section */
	};
	rootObject = 4F69D2922AF182F2005F5080 /* Project object */;
}
